// !$*UTF8*$!
{
	archiveVersion = 1;
	classes = {
	};
	objectVersion = 50;
	objects = {

/* Begin PBXBuildFile section */
		5008F31024594DAC00844919 /* AppDelegate.swift in Sources */ = {isa = PBXBuildFile; fileRef = 5008F30F24594DAC00844919 /* AppDelegate.swift */; };
		5008F31224594DAC00844919 /* SceneDelegate.swift in Sources */ = {isa = PBXBuildFile; fileRef = 5008F31124594DAC00844919 /* SceneDelegate.swift */; };
		5008F31424594DAC00844919 /* ViewController.swift in Sources */ = {isa = PBXBuildFile; fileRef = 5008F31324594DAC00844919 /* ViewController.swift */; };
		5008F31724594DAC00844919 /* Main.storyboard in Resources */ = {isa = PBXBuildFile; fileRef = 5008F31524594DAC00844919 /* Main.storyboard */; };
		5008F31924594DB300844919 /* Assets.xcassets in Resources */ = {isa = PBXBuildFile; fileRef = 5008F31824594DB300844919 /* Assets.xcassets */; };
		5008F31C24594DB300844919 /* LaunchScreen.storyboard in Resources */ = {isa = PBXBuildFile; fileRef = 5008F31A24594DB300844919 /* LaunchScreen.storyboard */; };
		5008F329245955B300844919 /* Toast.swift in Sources */ = {isa = PBXBuildFile; fileRef = 5008F328245955B300844919 /* Toast.swift */; };
		5008F32B24595D4A00844919 /* Router.swift in Sources */ = {isa = PBXBuildFile; fileRef = 5008F32A24595D4A00844919 /* Router.swift */; };
		5008F33624595E4600844919 /* QRScanner.storyboard in Resources */ = {isa = PBXBuildFile; fileRef = 5008F33524595E4600844919 /* QRScanner.storyboard */; };
		5008F33824595E5200844919 /* QRScannerViewController.swift in Sources */ = {isa = PBXBuildFile; fileRef = 5008F33724595E5200844919 /* QRScannerViewController.swift */; };
/* End PBXBuildFile section */

/* Begin PBXFileReference section */
		5008F30C24594DAC00844919 /* QR Code Scanner.app */ = {isa = PBXFileReference; explicitFileType = wrapper.application; includeInIndex = 0; path = "QR Code Scanner.app"; sourceTree = BUILT_PRODUCTS_DIR; };
		5008F30F24594DAC00844919 /* AppDelegate.swift */ = {isa = PBXFileReference; lastKnownFileType = sourcecode.swift; path = AppDelegate.swift; sourceTree = "<group>"; };
		5008F31124594DAC00844919 /* SceneDelegate.swift */ = {isa = PBXFileReference; lastKnownFileType = sourcecode.swift; path = SceneDelegate.swift; sourceTree = "<group>"; };
		5008F31324594DAC00844919 /* ViewController.swift */ = {isa = PBXFileReference; lastKnownFileType = sourcecode.swift; path = ViewController.swift; sourceTree = "<group>"; };
		5008F31624594DAC00844919 /* Base */ = {isa = PBXFileReference; lastKnownFileType = file.storyboard; name = Base; path = Base.lproj/Main.storyboard; sourceTree = "<group>"; };
		5008F31824594DB300844919 /* Assets.xcassets */ = {isa = PBXFileReference; lastKnownFileType = folder.assetcatalog; path = Assets.xcassets; sourceTree = "<group>"; };
		5008F31B24594DB300844919 /* Base */ = {isa = PBXFileReference; lastKnownFileType = file.storyboard; name = Base; path = Base.lproj/LaunchScreen.storyboard; sourceTree = "<group>"; };
		5008F31D24594DB300844919 /* Info.plist */ = {isa = PBXFileReference; lastKnownFileType = text.plist.xml; path = Info.plist; sourceTree = "<group>"; };
		5008F328245955B300844919 /* Toast.swift */ = {isa = PBXFileReference; lastKnownFileType = sourcecode.swift; path = Toast.swift; sourceTree = "<group>"; };
		5008F32A24595D4A00844919 /* Router.swift */ = {isa = PBXFileReference; lastKnownFileType = sourcecode.swift; path = Router.swift; sourceTree = "<group>"; };
		5008F33524595E4600844919 /* QRScanner.storyboard */ = {isa = PBXFileReference; fileEncoding = 4; lastKnownFileType = file.storyboard; path = QRScanner.storyboard; sourceTree = "<group>"; };
		5008F33724595E5200844919 /* QRScannerViewController.swift */ = {isa = PBXFileReference; fileEncoding = 4; lastKnownFileType = sourcecode.swift; path = QRScannerViewController.swift; sourceTree = "<group>"; };
/* End PBXFileReference section */

/* Begin PBXFrameworksBuildPhase section */
		5008F30924594DAC00844919 /* Frameworks */ = {
			isa = PBXFrameworksBuildPhase;
			buildActionMask = 2147483647;
			files = (
			);
			runOnlyForDeploymentPostprocessing = 0;
		};
/* End PBXFrameworksBuildPhase section */

/* Begin PBXGroup section */
		5008F30324594DAC00844919 = {
			isa = PBXGroup;
			children = (
				5008F30E24594DAC00844919 /* QR Code Scanner */,
				5008F30D24594DAC00844919 /* Products */,
			);
			sourceTree = "<group>";
		};
		5008F30D24594DAC00844919 /* Products */ = {
			isa = PBXGroup;
			children = (
				5008F30C24594DAC00844919 /* QR Code Scanner.app */,
			);
			name = Products;
			sourceTree = "<group>";
		};
		5008F30E24594DAC00844919 /* QR Code Scanner */ = {
			isa = PBXGroup;
			children = (
				5008F327245955A600844919 /* Helper */,
				5008F32624594EBE00844919 /* Handler */,
				5008F32324594E3300844919 /* Delegate */,
				5008F32424594E7100844919 /* View Controller */,
				5008F32524594E8400844919 /* Resources */,
				5008F31D24594DB300844919 /* Info.plist */,
			);
			path = "QR Code Scanner";
			sourceTree = "<group>";
		};
		5008F32324594E3300844919 /* Delegate */ = {
			isa = PBXGroup;
			children = (
				5008F30F24594DAC00844919 /* AppDelegate.swift */,
				5008F31124594DAC00844919 /* SceneDelegate.swift */,
			);
			path = Delegate;
			sourceTree = "<group>";
		};
		5008F32424594E7100844919 /* View Controller */ = {
			isa = PBXGroup;
			children = (
				5008F31324594DAC00844919 /* ViewController.swift */,
				5008F31524594DAC00844919 /* Main.storyboard */,
			);
			path = "View Controller";
			sourceTree = "<group>";
		};
		5008F32524594E8400844919 /* Resources */ = {
			isa = PBXGroup;
			children = (
				5008F31824594DB300844919 /* Assets.xcassets */,
				5008F31A24594DB300844919 /* LaunchScreen.storyboard */,
			);
			path = Resources;
			sourceTree = "<group>";
		};
		5008F32624594EBE00844919 /* Handler */ = {
			isa = PBXGroup;
			children = (
				5008F32C24595DD200844919 /* QR Scanner */,
			);
			path = Handler;
			sourceTree = "<group>";
		};
		5008F327245955A600844919 /* Helper */ = {
			isa = PBXGroup;
			children = (
				5008F328245955B300844919 /* Toast.swift */,
				5008F32A24595D4A00844919 /* Router.swift */,
			);
			path = Helper;
			sourceTree = "<group>";
		};
		5008F32C24595DD200844919 /* QR Scanner */ = {
			isa = PBXGroup;
			children = (
				5008F33524595E4600844919 /* QRScanner.storyboard */,
				5008F33724595E5200844919 /* QRScannerViewController.swift */,
			);
			path = "QR Scanner";
			sourceTree = "<group>";
		};
/* End PBXGroup section */

/* Begin PBXNativeTarget section */
		5008F30B24594DAC00844919 /* QR Code Scanner */ = {
			isa = PBXNativeTarget;
			buildConfigurationList = 5008F32024594DB300844919 /* Build configuration list for PBXNativeTarget "QR Code Scanner" */;
			buildPhases = (
				5008F30824594DAC00844919 /* Sources */,
				5008F30924594DAC00844919 /* Frameworks */,
				5008F30A24594DAC00844919 /* Resources */,
			);
			buildRules = (
			);
			dependencies = (
			);
			name = "QR Code Scanner";
			productName = "QR Code Scanner";
			productReference = 5008F30C24594DAC00844919 /* QR Code Scanner.app */;
			productType = "com.apple.product-type.application";
		};
/* End PBXNativeTarget section */

/* Begin PBXProject section */
		5008F30424594DAC00844919 /* Project object */ = {
			isa = PBXProject;
			attributes = {
				LastSwiftUpdateCheck = 1130;
				LastUpgradeCheck = 1130;
				ORGANIZATIONNAME = vijay;
				TargetAttributes = {
					5008F30B24594DAC00844919 = {
						CreatedOnToolsVersion = 11.3.1;
					};
				};
			};
			buildConfigurationList = 5008F30724594DAC00844919 /* Build configuration list for PBXProject "QR Code Scanner" */;
			compatibilityVersion = "Xcode 9.3";
			developmentRegion = en;
			hasScannedForEncodings = 0;
			knownRegions = (
				en,
				Base,
			);
			mainGroup = 5008F30324594DAC00844919;
			productRefGroup = 5008F30D24594DAC00844919 /* Products */;
			projectDirPath = "";
			projectRoot = "";
			targets = (
				5008F30B24594DAC00844919 /* QR Code Scanner */,
			);
		};
/* End PBXProject section */

/* Begin PBXResourcesBuildPhase section */
		5008F30A24594DAC00844919 /* Resources */ = {
			isa = PBXResourcesBuildPhase;
			buildActionMask = 2147483647;
			files = (
				5008F33624595E4600844919 /* QRScanner.storyboard in Resources */,
				5008F31C24594DB300844919 /* LaunchScreen.storyboard in Resources */,
				5008F31924594DB300844919 /* Assets.xcassets in Resources */,
				5008F31724594DAC00844919 /* Main.storyboard in Resources */,
			);
			runOnlyForDeploymentPostprocessing = 0;
		};
/* End PBXResourcesBuildPhase section */

/* Begin PBXSourcesBuildPhase section */
		5008F30824594DAC00844919 /* Sources */ = {
			isa = PBXSourcesBuildPhase;
			buildActionMask = 2147483647;
			files = (
				5008F31424594DAC00844919 /* ViewController.swift in Sources */,
				5008F329245955B300844919 /* Toast.swift in Sources */,
				5008F33824595E5200844919 /* QRScannerViewController.swift in Sources */,
				5008F32B24595D4A00844919 /* Router.swift in Sources */,
				5008F31024594DAC00844919 /* AppDelegate.swift in Sources */,
				5008F31224594DAC00844919 /* SceneDelegate.swift in Sources */,
			);
			runOnlyForDeploymentPostprocessing = 0;
		};
/* End PBXSourcesBuildPhase section */

/* Begin PBXVariantGroup section */
		5008F31524594DAC00844919 /* Main.storyboard */ = {
			isa = PBXVariantGroup;
			children = (
				5008F31624594DAC00844919 /* Base */,
			);
			name = Main.storyboard;
			sourceTree = "<group>";
		};
		5008F31A24594DB300844919 /* LaunchScreen.storyboard */ = {
			isa = PBXVariantGroup;
			children = (
				5008F31B24594DB300844919 /* Base */,
			);
			name = LaunchScreen.storyboard;
			sourceTree = "<group>";
		};
/* End PBXVariantGroup section */

/* Begin XCBuildConfiguration section */
		5008F31E24594DB300844919 /* Debug */ = {
			isa = XCBuildConfiguration;
			buildSettings = {
				ALWAYS_SEARCH_USER_PATHS = NO;
				CLANG_ANALYZER_NONNULL = YES;
				CLANG_ANALYZER_NUMBER_OBJECT_CONVERSION = YES_AGGRESSIVE;
				CLANG_CXX_LANGUAGE_STANDARD = "gnu++14";
				CLANG_CXX_LIBRARY = "libc++";
				CLANG_ENABLE_MODULES = YES;
				CLANG_ENABLE_OBJC_ARC = YES;
				CLANG_ENABLE_OBJC_WEAK = YES;
				CLANG_WARN_BLOCK_CAPTURE_AUTORELEASING = YES;
				CLANG_WARN_BOOL_CONVERSION = YES;
				CLANG_WARN_COMMA = YES;
				CLANG_WARN_CONSTANT_CONVERSION = YES;
				CLANG_WARN_DEPRECATED_OBJC_IMPLEMENTATIONS = YES;
				CLANG_WARN_DIRECT_OBJC_ISA_USAGE = YES_ERROR;
				CLANG_WARN_DOCUMENTATION_COMMENTS = YES;
				CLANG_WARN_EMPTY_BODY = YES;
				CLANG_WARN_ENUM_CONVERSION = YES;
				CLANG_WARN_INFINITE_RECURSION = YES;
				CLANG_WARN_INT_CONVERSION = YES;
				CLANG_WARN_NON_LITERAL_NULL_CONVERSION = YES;
				CLANG_WARN_OBJC_IMPLICIT_RETAIN_SELF = YES;
				CLANG_WARN_OBJC_LITERAL_CONVERSION = YES;
				CLANG_WARN_OBJC_ROOT_CLASS = YES_ERROR;
				CLANG_WARN_RANGE_LOOP_ANALYSIS = YES;
				CLANG_WARN_STRICT_PROTOTYPES = YES;
				CLANG_WARN_SUSPICIOUS_MOVE = YES;
				CLANG_WARN_UNGUARDED_AVAILABILITY = YES_AGGRESSIVE;
				CLANG_WARN_UNREACHABLE_CODE = YES;
				CLANG_WARN__DUPLICATE_METHOD_MATCH = YES;
				COPY_PHASE_STRIP = NO;
				DEBUG_INFORMATION_FORMAT = dwarf;
				ENABLE_STRICT_OBJC_MSGSEND = YES;
				ENABLE_TESTABILITY = YES;
				GCC_C_LANGUAGE_STANDARD = gnu11;
				GCC_DYNAMIC_NO_PIC = NO;
				GCC_NO_COMMON_BLOCKS = YES;
				GCC_OPTIMIZATION_LEVEL = 0;
				GCC_PREPROCESSOR_DEFINITIONS = (
					"DEBUG=1",
					"$(inherited)",
				);
				GCC_WARN_64_TO_32_BIT_CONVERSION = YES;
				GCC_WARN_ABOUT_RETURN_TYPE = YES_ERROR;
				GCC_WARN_UNDECLARED_SELECTOR = YES;
				GCC_WARN_UNINITIALIZED_AUTOS = YES_AGGRESSIVE;
				GCC_WARN_UNUSED_FUNCTION = YES;
				GCC_WARN_UNUSED_VARIABLE = YES;
				IPHONEOS_DEPLOYMENT_TARGET = 13.2;
				MTL_ENABLE_DEBUG_INFO = INCLUDE_SOURCE;
				MTL_FAST_MATH = YES;
				ONLY_ACTIVE_ARCH = YES;
				SDKROOT = iphoneos;
				SWIFT_ACTIVE_COMPILATION_CONDITIONS = DEBUG;
				SWIFT_OPTIMIZATION_LEVEL = "-Onone";
			};
			name = Debug;
		};
		5008F31F24594DB300844919 /* Release */ = {
			isa = XCBuildConfiguration;
			buildSettings = {
				ALWAYS_SEARCH_USER_PATHS = NO;
				CLANG_ANALYZER_NONNULL = YES;
				CLANG_ANALYZER_NUMBER_OBJECT_CONVERSION = YES_AGGRESSIVE;
				CLANG_CXX_LANGUAGE_STANDARD = "gnu++14";
				CLANG_CXX_LIBRARY = "libc++";
				CLANG_ENABLE_MODULES = YES;
				CLANG_ENABLE_OBJC_ARC = YES;
				CLANG_ENABLE_OBJC_WEAK = YES;
				CLANG_WARN_BLOCK_CAPTURE_AUTORELEASING = YES;
				CLANG_WARN_BOOL_CONVERSION = YES;
				CLANG_WARN_COMMA = YES;
				CLANG_WARN_CONSTANT_CONVERSION = YES;
				CLANG_WARN_DEPRECATED_OBJC_IMPLEMENTATIONS = YES;
				CLANG_WARN_DIRECT_OBJC_ISA_USAGE = YES_ERROR;
				CLANG_WARN_DOCUMENTATION_COMMENTS = YES;
				CLANG_WARN_EMPTY_BODY = YES;
				CLANG_WARN_ENUM_CONVERSION = YES;
				CLANG_WARN_INFINITE_RECURSION = YES;
				CLANG_WARN_INT_CONVERSION = YES;
				CLANG_WARN_NON_LITERAL_NULL_CONVERSION = YES;
				CLANG_WARN_OBJC_IMPLICIT_RETAIN_SELF = YES;
				CLANG_WARN_OBJC_LITERAL_CONVERSION = YES;
				CLANG_WARN_OBJC_ROOT_CLASS = YES_ERROR;
				CLANG_WARN_RANGE_LOOP_ANALYSIS = YES;
				CLANG_WARN_STRICT_PROTOTYPES = YES;
				CLANG_WARN_SUSPICIOUS_MOVE = YES;
				CLANG_WARN_UNGUARDED_AVAILABILITY = YES_AGGRESSIVE;
				CLANG_WARN_UNREACHABLE_CODE = YES;
				CLANG_WARN__DUPLICATE_METHOD_MATCH = YES;
				COPY_PHASE_STRIP = NO;
				DEBUG_INFORMATION_FORMAT = "dwarf-with-dsym";
				ENABLE_NS_ASSERTIONS = NO;
				ENABLE_STRICT_OBJC_MSGSEND = YES;
				GCC_C_LANGUAGE_STANDARD = gnu11;
				GCC_NO_COMMON_BLOCKS = YES;
				GCC_WARN_64_TO_32_BIT_CONVERSION = YES;
				GCC_WARN_ABOUT_RETURN_TYPE = YES_ERROR;
				GCC_WARN_UNDECLARED_SELECTOR = YES;
				GCC_WARN_UNINITIALIZED_AUTOS = YES_AGGRESSIVE;
				GCC_WARN_UNUSED_FUNCTION = YES;
				GCC_WARN_UNUSED_VARIABLE = YES;
				IPHONEOS_DEPLOYMENT_TARGET = 13.2;
				MTL_ENABLE_DEBUG_INFO = NO;
				MTL_FAST_MATH = YES;
				SDKROOT = iphoneos;
				SWIFT_COMPILATION_MODE = wholemodule;
				SWIFT_OPTIMIZATION_LEVEL = "-O";
				VALIDATE_PRODUCT = YES;
			};
			name = Release;
		};
		5008F32124594DB300844919 /* Debug */ = {
			isa = XCBuildConfiguration;
			buildSettings = {
				ASSETCATALOG_COMPILER_APPICON_NAME = AppIcon;
				CODE_SIGN_STYLE = Automatic;
				DEVELOPMENT_TEAM = 7XG9VTZMR8;
				INFOPLIST_FILE = "QR Code Scanner/Info.plist";
				LD_RUNPATH_SEARCH_PATHS = (
					"$(inherited)",
					"@executable_path/Frameworks",
				);
				PRODUCT_BUNDLE_IDENTIFIER = "com.vijay.QR-Code-Scanner";
				PRODUCT_NAME = "$(TARGET_NAME)";
				SWIFT_VERSION = 5.0;
				TARGETED_DEVICE_FAMILY = "1,2";
			};
			name = Debug;
		};
		5008F32224594DB300844919 /* Release */ = {
			isa = XCBuildConfiguration;
			buildSettings = {
				ASSETCATALOG_COMPILER_APPICON_NAME = AppIcon;
				CODE_SIGN_STYLE = Automatic;
				DEVELOPMENT_TEAM = 7XG9VTZMR8;
				INFOPLIST_FILE = "QR Code Scanner/Info.plist";
				LD_RUNPATH_SEARCH_PATHS = (
					"$(inherited)",
					"@executable_path/Frameworks",
				);
				PRODUCT_BUNDLE_IDENTIFIER = "com.vijay.QR-Code-Scanner";
				PRODUCT_NAME = "$(TARGET_NAME)";
				SWIFT_VERSION = 5.0;
				TARGETED_DEVICE_FAMILY = "1,2";
			};
			name = Release;
		};
/* End XCBuildConfiguration section */

/* Begin XCConfigurationList section */
		5008F30724594DAC00844919 /* Build configuration list for PBXProject "QR Code Scanner" */ = {
			isa = XCConfigurationList;
			buildConfigurations = (
				5008F31E24594DB300844919 /* Debug */,
				5008F31F24594DB300844919 /* Release */,
			);
			defaultConfigurationIsVisible = 0;
			defaultConfigurationName = Release;
		};
		5008F32024594DB300844919 /* Build configuration list for PBXNativeTarget "QR Code Scanner" */ = {
			isa = XCConfigurationList;
			buildConfigurations = (
				5008F32124594DB300844919 /* Debug */,
				5008F32224594DB300844919 /* Release */,
			);
			defaultConfigurationIsVisible = 0;
			defaultConfigurationName = Release;
		};
/* End XCConfigurationList section */
	};
	rootObject = 5008F30424594DAC00844919 /* Project object */;
}
